{
  "version": 4,
  "terraform_version": "0.14.9",
  "serial": 160,
  "lineage": "d5598f30-f197-5704-c7bc-233cdde93dc6",
  "outputs": {},
  "resources": [
    {
      "mode": "managed",
      "type": "google_compute_address",
      "name": "internal_endpoint",
      "provider": "provider[\"registry.terraform.io/hashicorp/google\"]",
      "instances": [
        {
          "schema_version": 0,
          "attributes": {
            "address": "10.128.0.33",
            "address_type": "INTERNAL",
            "creation_timestamp": "2021-04-28T02:16:41.265-07:00",
            "description": "",
            "id": "projects/terraform-elasticsearch-docker/regions/us-central1/addresses/primary-internal",
            "name": "primary-internal",
            "network_tier": "PREMIUM",
            "project": "terraform-elasticsearch-docker",
            "purpose": "GCE_ENDPOINT",
            "region": "us-central1",
            "self_link": "https://www.googleapis.com/compute/v1/projects/terraform-elasticsearch-docker/regions/us-central1/addresses/primary-internal",
            "subnetwork": "https://www.googleapis.com/compute/v1/projects/terraform-elasticsearch-docker/regions/us-central1/subnetworks/default",
            "timeouts": null,
            "users": []
          },
          "sensitive_attributes": [],
          "private": "eyJlMmJmYjczMC1lY2FhLTExZTYtOGY4OC0zNDM2M2JjN2M0YzAiOnsiY3JlYXRlIjoyNDAwMDAwMDAwMDAsImRlbGV0ZSI6MjQwMDAwMDAwMDAwfX0="
        }
      ]
    },
    {
      "mode": "managed",
      "type": "google_compute_firewall",
      "name": "ssh-rule",
      "provider": "provider[\"registry.terraform.io/hashicorp/google\"]",
      "instances": [
        {
          "schema_version": 1,
          "attributes": {
            "allow": [
              {
                "ports": [
                  "22"
                ],
                "protocol": "tcp"
              }
            ],
            "creation_timestamp": "2021-04-27T17:31:21.093-07:00",
            "deny": [],
            "description": "",
            "destination_ranges": [],
            "direction": "INGRESS",
            "disabled": false,
            "enable_logging": null,
            "id": "projects/terraform-elasticsearch-docker/global/firewalls/allow-ssh",
            "log_config": [],
            "name": "allow-ssh",
            "network": "https://www.googleapis.com/compute/v1/projects/terraform-elasticsearch-docker/global/networks/terraform-elasticsearch-docker-elastic-vpc",
            "priority": 1000,
            "project": "terraform-elasticsearch-docker",
            "self_link": "https://www.googleapis.com/compute/v1/projects/terraform-elasticsearch-docker/global/firewalls/allow-ssh",
            "source_ranges": [
              "174.16.200.128",
              "198.11.30.78"
            ],
            "source_service_accounts": [],
            "source_tags": [],
            "target_service_accounts": [],
            "target_tags": [
              "total-news-elasticsearch"
            ],
            "timeouts": null
          },
          "sensitive_attributes": [],
          "private": "eyJlMmJmYjczMC1lY2FhLTExZTYtOGY4OC0zNDM2M2JjN2M0YzAiOnsiY3JlYXRlIjoyNDAwMDAwMDAwMDAsImRlbGV0ZSI6MjQwMDAwMDAwMDAwLCJ1cGRhdGUiOjI0MDAwMDAwMDAwMH0sInNjaGVtYV92ZXJzaW9uIjoiMSJ9",
          "dependencies": [
            "google_compute_network.elastic-network"
          ]
        }
      ]
    },
    {
      "mode": "managed",
      "type": "google_compute_firewall",
      "name": "team-rule",
      "provider": "provider[\"registry.terraform.io/hashicorp/google\"]",
      "instances": [
        {
          "schema_version": 1,
          "attributes": {
            "allow": [
              {
                "ports": [
                  "9000",
                  "5601",
                  "80",
                  "9200",
                  "443",
                  "9300",
                  "3000"
                ],
                "protocol": "tcp"
              }
            ],
            "creation_timestamp": "2021-04-27T17:31:21.092-07:00",
            "deny": [],
            "description": "",
            "destination_ranges": [],
            "direction": "INGRESS",
            "disabled": false,
            "enable_logging": null,
            "id": "projects/terraform-elasticsearch-docker/global/firewalls/allow-team-rule",
            "log_config": [],
            "name": "allow-team-rule",
            "network": "https://www.googleapis.com/compute/v1/projects/terraform-elasticsearch-docker/global/networks/terraform-elasticsearch-docker-elastic-vpc",
            "priority": 1000,
            "project": "terraform-elasticsearch-docker",
            "self_link": "https://www.googleapis.com/compute/v1/projects/terraform-elasticsearch-docker/global/firewalls/allow-team-rule",
            "source_ranges": [
              "0.0.0.0/0"
            ],
            "source_service_accounts": [],
            "source_tags": [],
            "target_service_accounts": [],
            "target_tags": [
              "total-news-elasticsearch"
            ],
            "timeouts": null
          },
          "sensitive_attributes": [],
          "private": "eyJlMmJmYjczMC1lY2FhLTExZTYtOGY4OC0zNDM2M2JjN2M0YzAiOnsiY3JlYXRlIjoyNDAwMDAwMDAwMDAsImRlbGV0ZSI6MjQwMDAwMDAwMDAwLCJ1cGRhdGUiOjI0MDAwMDAwMDAwMH0sInNjaGVtYV92ZXJzaW9uIjoiMSJ9",
          "dependencies": [
            "google_compute_network.elastic-network"
          ]
        }
      ]
    },
    {
      "mode": "managed",
      "type": "google_compute_network",
      "name": "elastic-network",
      "provider": "provider[\"registry.terraform.io/hashicorp/google\"]",
      "instances": [
        {
          "schema_version": 0,
          "attributes": {
            "auto_create_subnetworks": true,
            "delete_default_routes_on_create": false,
            "description": "",
            "gateway_ipv4": "",
            "id": "projects/terraform-elasticsearch-docker/global/networks/terraform-elasticsearch-docker-elastic-vpc",
            "mtu": 0,
            "name": "terraform-elasticsearch-docker-elastic-vpc",
            "project": "terraform-elasticsearch-docker",
            "routing_mode": "REGIONAL",
            "self_link": "https://www.googleapis.com/compute/v1/projects/terraform-elasticsearch-docker/global/networks/terraform-elasticsearch-docker-elastic-vpc",
            "timeouts": null
          },
          "sensitive_attributes": [],
          "private": "eyJlMmJmYjczMC1lY2FhLTExZTYtOGY4OC0zNDM2M2JjN2M0YzAiOnsiY3JlYXRlIjoyNDAwMDAwMDAwMDAsImRlbGV0ZSI6MjQwMDAwMDAwMDAwLCJ1cGRhdGUiOjI0MDAwMDAwMDAwMH19"
        }
      ]
    }
  ]
}
