{
  "version": 4,
  "terraform_version": "0.14.9",
  "serial": 242,
  "lineage": "b6d50e5d-d115-f426-e6be-9aff018945d9",
  "outputs": {},
  "resources": [
    {
      "mode": "managed",
      "type": "google_compute_firewall",
      "name": "allow-all-internal",
      "provider": "provider[\"registry.terraform.io/hashicorp/google\"]",
      "instances": [
        {
          "schema_version": 1,
          "attributes": {
            "allow": [
              {
                "ports": [],
                "protocol": "icmp"
              },
              {
                "ports": [],
                "protocol": "tcp"
              },
              {
                "ports": [],
                "protocol": "udp"
              }
            ],
            "creation_timestamp": "2021-04-18T18:57:34.412-07:00",
            "deny": [],
            "description": "",
            "destination_ranges": [],
            "direction": "INGRESS",
            "disabled": false,
            "enable_logging": null,
            "id": "projects/terraform-elasticsearch/global/firewalls/allow-all-internal",
            "log_config": [],
            "name": "allow-all-internal",
            "network": "https://www.googleapis.com/compute/v1/projects/terraform-elasticsearch/global/networks/terraform-elasticsearch-elastic-vpc",
            "priority": 1000,
            "project": "terraform-elasticsearch",
            "self_link": "https://www.googleapis.com/compute/v1/projects/terraform-elasticsearch/global/firewalls/allow-all-internal",
            "source_ranges": [
              "10.128.0.0/20"
            ],
            "source_service_accounts": null,
            "source_tags": null,
            "target_service_accounts": null,
            "target_tags": null,
            "timeouts": null
          },
          "sensitive_attributes": [],
          "private": "eyJlMmJmYjczMC1lY2FhLTExZTYtOGY4OC0zNDM2M2JjN2M0YzAiOnsiY3JlYXRlIjoyNDAwMDAwMDAwMDAsImRlbGV0ZSI6MjQwMDAwMDAwMDAwLCJ1cGRhdGUiOjI0MDAwMDAwMDAwMH0sInNjaGVtYV92ZXJzaW9uIjoiMSJ9",
          "dependencies": [
            "google_compute_network.elastic-network"
          ]
        }
      ]
    },
    {
      "mode": "managed",
      "type": "google_compute_firewall",
      "name": "allow-internal-lb",
      "provider": "provider[\"registry.terraform.io/hashicorp/google\"]",
      "instances": [
        {
          "schema_version": 1,
          "attributes": {
            "allow": [
              {
                "ports": [
                  "80",
                  "9200",
                  "443",
                  "9300",
                  "3000"
                ],
                "protocol": "tcp"
              }
            ],
            "creation_timestamp": "2021-04-18T18:57:34.233-07:00",
            "deny": [],
            "description": "",
            "destination_ranges": [],
            "direction": "INGRESS",
            "disabled": false,
            "enable_logging": null,
            "id": "projects/terraform-elasticsearch/global/firewalls/allow-internal-lb",
            "log_config": [],
            "name": "allow-internal-lb",
            "network": "https://www.googleapis.com/compute/v1/projects/terraform-elasticsearch/global/networks/terraform-elasticsearch-elastic-vpc",
            "priority": 1000,
            "project": "terraform-elasticsearch",
            "self_link": "https://www.googleapis.com/compute/v1/projects/terraform-elasticsearch/global/firewalls/allow-internal-lb",
            "source_ranges": [
              "10.128.0.0/20"
            ],
            "source_service_accounts": null,
            "source_tags": null,
            "target_service_accounts": null,
            "target_tags": [
              "total-news-elasticsearch"
            ],
            "timeouts": null
          },
          "sensitive_attributes": [],
          "private": "eyJlMmJmYjczMC1lY2FhLTExZTYtOGY4OC0zNDM2M2JjN2M0YzAiOnsiY3JlYXRlIjoyNDAwMDAwMDAwMDAsImRlbGV0ZSI6MjQwMDAwMDAwMDAwLCJ1cGRhdGUiOjI0MDAwMDAwMDAwMH0sInNjaGVtYV92ZXJzaW9uIjoiMSJ9",
          "dependencies": [
            "google_compute_network.elastic-network"
          ]
        }
      ]
    },
    {
      "mode": "managed",
      "type": "google_compute_forwarding_rule",
      "name": "elastic-internal-lb-i-forwarding-rule",
      "provider": "provider[\"registry.terraform.io/hashicorp/google\"]",
      "instances": [
        {
          "schema_version": 0,
          "attributes": {
            "all_ports": false,
            "allow_global_access": false,
            "backend_service": "https://www.googleapis.com/compute/v1/projects/terraform-elasticsearch/regions/us-central1/backendServices/elastic-internal-lb-i",
            "creation_timestamp": "2021-04-18T18:58:33.590-07:00",
            "description": "",
            "id": "projects/terraform-elasticsearch/regions/us-central1/forwardingRules/elastic-internal-lb-i-forwarding-rule",
            "ip_address": "10.128.0.33",
            "ip_protocol": "TCP",
            "is_mirroring_collector": false,
            "load_balancing_scheme": "INTERNAL",
            "name": "elastic-internal-lb-i-forwarding-rule",
            "network": "https://www.googleapis.com/compute/v1/projects/terraform-elasticsearch/global/networks/terraform-elasticsearch-elastic-vpc",
            "network_tier": "PREMIUM",
            "port_range": "",
            "ports": [
              "3000",
              "443",
              "80",
              "9200",
              "9300"
            ],
            "project": "terraform-elasticsearch",
            "region": "us-central1",
            "self_link": "https://www.googleapis.com/compute/v1/projects/terraform-elasticsearch/regions/us-central1/forwardingRules/elastic-internal-lb-i-forwarding-rule",
            "service_label": "",
            "service_name": "",
            "subnetwork": "https://www.googleapis.com/compute/v1/projects/terraform-elasticsearch/regions/us-central1/subnetworks/elastic-subnet",
            "target": "",
            "timeouts": null
          },
          "sensitive_attributes": [],
          "private": "eyJlMmJmYjczMC1lY2FhLTExZTYtOGY4OC0zNDM2M2JjN2M0YzAiOnsiY3JlYXRlIjoyNDAwMDAwMDAwMDAsImRlbGV0ZSI6MjQwMDAwMDAwMDAwLCJ1cGRhdGUiOjI0MDAwMDAwMDAwMH19",
          "dependencies": [
            "google_compute_health_check.tcp-health-check",
            "google_compute_instance.elastic-instance-1",
            "google_compute_instance.elastic-instance-2",
            "google_compute_instance.elastic-instance-3",
            "google_compute_instance_group.us-elastic-ig-zone-a",
            "google_compute_instance_group.us-elastic-ig-zone-b",
            "google_compute_network.elastic-network",
            "google_compute_region_backend_service.elastic-internal-lb-i",
            "google_compute_subnetwork.elastic-subnet"
          ]
        }
      ]
    },
    {
      "mode": "managed",
      "type": "google_compute_health_check",
      "name": "tcp-health-check",
      "provider": "provider[\"registry.terraform.io/hashicorp/google\"]",
      "instances": [
        {
          "schema_version": 0,
          "attributes": {
            "check_interval_sec": 300,
            "creation_timestamp": "2021-04-18T18:57:22.921-07:00",
            "description": "Health check via tcp",
            "grpc_health_check": [],
            "healthy_threshold": 2,
            "http2_health_check": [],
            "http_health_check": [],
            "https_health_check": [],
            "id": "projects/terraform-elasticsearch/global/healthChecks/tcp-health-check",
            "name": "tcp-health-check",
            "project": "terraform-elasticsearch",
            "self_link": "https://www.googleapis.com/compute/v1/projects/terraform-elasticsearch/global/healthChecks/tcp-health-check",
            "ssl_health_check": [],
            "tcp_health_check": [
              {
                "port": 9200,
                "port_name": "",
                "port_specification": "",
                "proxy_header": "NONE",
                "request": "",
                "response": "name"
              }
            ],
            "timeout_sec": 300,
            "timeouts": null,
            "type": "TCP",
            "unhealthy_threshold": 2
          },
          "sensitive_attributes": [],
          "private": "eyJlMmJmYjczMC1lY2FhLTExZTYtOGY4OC0zNDM2M2JjN2M0YzAiOnsiY3JlYXRlIjoyNDAwMDAwMDAwMDAsImRlbGV0ZSI6MjQwMDAwMDAwMDAwLCJ1cGRhdGUiOjI0MDAwMDAwMDAwMH19"
        }
      ]
    },
    {
      "mode": "managed",
      "type": "google_compute_instance",
      "name": "elastic-instance-1",
      "provider": "provider[\"registry.terraform.io/hashicorp/google\"]",
      "instances": [
        {
          "schema_version": 6,
          "attributes": {
            "allow_stopping_for_update": true,
            "attached_disk": [],
            "boot_disk": [
              {
                "auto_delete": true,
                "device_name": "persistent-disk-0",
                "disk_encryption_key_raw": "",
                "disk_encryption_key_sha256": "",
                "initialize_params": [
                  {
                    "image": "https://www.googleapis.com/compute/v1/projects/debian-cloud/global/images/debian-9-stretch-v20210316",
                    "labels": {},
                    "size": 100,
                    "type": "pd-ssd"
                  }
                ],
                "kms_key_self_link": "",
                "mode": "READ_WRITE",
                "source": "https://www.googleapis.com/compute/v1/projects/terraform-elasticsearch/zones/us-central1-a/disks/elastic-instance-1"
              }
            ],
            "can_ip_forward": false,
            "confidential_instance_config": [],
            "cpu_platform": "Intel Haswell",
            "current_status": "RUNNING",
            "deletion_protection": false,
            "description": "",
            "desired_status": null,
            "enable_display": false,
            "guest_accelerator": [],
            "hostname": "",
            "id": "projects/terraform-elasticsearch/zones/us-central1-a/instances/elastic-instance-1",
            "instance_id": "1413421401843522891",
            "label_fingerprint": "42WmSpB8rSM=",
            "labels": null,
            "machine_type": "n1-standard-2",
            "metadata": null,
            "metadata_fingerprint": "lnWL5RwHjrM=",
            "metadata_startup_script": "",
            "min_cpu_platform": "",
            "name": "elastic-instance-1",
            "network_interface": [
              {
                "access_config": [],
                "alias_ip_range": [],
                "name": "nic0",
                "network": "https://www.googleapis.com/compute/v1/projects/terraform-elasticsearch/global/networks/terraform-elasticsearch-elastic-vpc",
                "network_ip": "10.128.0.2",
                "nic_type": "",
                "subnetwork": "https://www.googleapis.com/compute/v1/projects/terraform-elasticsearch/regions/us-central1/subnetworks/elastic-subnet",
                "subnetwork_project": "terraform-elasticsearch"
              }
            ],
            "project": "terraform-elasticsearch",
            "resource_policies": null,
            "scheduling": [
              {
                "automatic_restart": true,
                "min_node_cpus": 0,
                "node_affinities": [],
                "on_host_maintenance": "MIGRATE",
                "preemptible": false
              }
            ],
            "scratch_disk": [],
            "self_link": "https://www.googleapis.com/compute/v1/projects/terraform-elasticsearch/zones/us-central1-a/instances/elastic-instance-1",
            "service_account": [
              {
                "email": "513836457432-compute@developer.gserviceaccount.com",
                "scopes": [
                  "https://www.googleapis.com/auth/cloud-platform",
                  "https://www.googleapis.com/auth/compute.readonly",
                  "https://www.googleapis.com/auth/devstorage.read_write",
                  "https://www.googleapis.com/auth/logging.write",
                  "https://www.googleapis.com/auth/monitoring.write",
                  "https://www.googleapis.com/auth/trace.append",
                  "https://www.googleapis.com/auth/userinfo.email"
                ]
              }
            ],
            "shielded_instance_config": [],
            "tags": [
              "total-news-elasticsearch"
            ],
            "tags_fingerprint": "5E4QuS2juWw=",
            "timeouts": null,
            "zone": "us-central1-a"
          },
          "sensitive_attributes": [],
          "private": "eyJlMmJmYjczMC1lY2FhLTExZTYtOGY4OC0zNDM2M2JjN2M0YzAiOnsiY3JlYXRlIjoxMjAwMDAwMDAwMDAwLCJkZWxldGUiOjEyMDAwMDAwMDAwMDAsInVwZGF0ZSI6MTIwMDAwMDAwMDAwMH0sInNjaGVtYV92ZXJzaW9uIjoiNiJ9",
          "dependencies": [
            "google_compute_network.elastic-network",
            "google_compute_subnetwork.elastic-subnet"
          ]
        }
      ]
    },
    {
      "mode": "managed",
      "type": "google_compute_instance",
      "name": "elastic-instance-2",
      "provider": "provider[\"registry.terraform.io/hashicorp/google\"]",
      "instances": [
        {
          "schema_version": 6,
          "attributes": {
            "allow_stopping_for_update": true,
            "attached_disk": [],
            "boot_disk": [
              {
                "auto_delete": true,
                "device_name": "persistent-disk-0",
                "disk_encryption_key_raw": "",
                "disk_encryption_key_sha256": "",
                "initialize_params": [
                  {
                    "image": "https://www.googleapis.com/compute/v1/projects/debian-cloud/global/images/debian-9-stretch-v20210316",
                    "labels": {},
                    "size": 100,
                    "type": "pd-ssd"
                  }
                ],
                "kms_key_self_link": "",
                "mode": "READ_WRITE",
                "source": "https://www.googleapis.com/compute/v1/projects/terraform-elasticsearch/zones/us-central1-a/disks/elastic-instance-2"
              }
            ],
            "can_ip_forward": false,
            "confidential_instance_config": [],
            "cpu_platform": "Intel Haswell",
            "current_status": "RUNNING",
            "deletion_protection": false,
            "description": "",
            "desired_status": null,
            "enable_display": false,
            "guest_accelerator": [],
            "hostname": "",
            "id": "projects/terraform-elasticsearch/zones/us-central1-a/instances/elastic-instance-2",
            "instance_id": "2874385618846178635",
            "label_fingerprint": "42WmSpB8rSM=",
            "labels": null,
            "machine_type": "n1-standard-2",
            "metadata": null,
            "metadata_fingerprint": "lnWL5RwHjrM=",
            "metadata_startup_script": "",
            "min_cpu_platform": "",
            "name": "elastic-instance-2",
            "network_interface": [
              {
                "access_config": [],
                "alias_ip_range": [],
                "name": "nic0",
                "network": "https://www.googleapis.com/compute/v1/projects/terraform-elasticsearch/global/networks/terraform-elasticsearch-elastic-vpc",
                "network_ip": "10.128.0.3",
                "nic_type": "",
                "subnetwork": "https://www.googleapis.com/compute/v1/projects/terraform-elasticsearch/regions/us-central1/subnetworks/elastic-subnet",
                "subnetwork_project": "terraform-elasticsearch"
              }
            ],
            "project": "terraform-elasticsearch",
            "resource_policies": null,
            "scheduling": [
              {
                "automatic_restart": true,
                "min_node_cpus": 0,
                "node_affinities": [],
                "on_host_maintenance": "MIGRATE",
                "preemptible": false
              }
            ],
            "scratch_disk": [],
            "self_link": "https://www.googleapis.com/compute/v1/projects/terraform-elasticsearch/zones/us-central1-a/instances/elastic-instance-2",
            "service_account": [
              {
                "email": "513836457432-compute@developer.gserviceaccount.com",
                "scopes": [
                  "https://www.googleapis.com/auth/cloud-platform",
                  "https://www.googleapis.com/auth/compute.readonly",
                  "https://www.googleapis.com/auth/devstorage.read_write",
                  "https://www.googleapis.com/auth/logging.write",
                  "https://www.googleapis.com/auth/monitoring.write",
                  "https://www.googleapis.com/auth/trace.append",
                  "https://www.googleapis.com/auth/userinfo.email"
                ]
              }
            ],
            "shielded_instance_config": [],
            "tags": [
              "total-news-elasticsearch"
            ],
            "tags_fingerprint": "5E4QuS2juWw=",
            "timeouts": null,
            "zone": "us-central1-a"
          },
          "sensitive_attributes": [],
          "private": "eyJlMmJmYjczMC1lY2FhLTExZTYtOGY4OC0zNDM2M2JjN2M0YzAiOnsiY3JlYXRlIjoxMjAwMDAwMDAwMDAwLCJkZWxldGUiOjEyMDAwMDAwMDAwMDAsInVwZGF0ZSI6MTIwMDAwMDAwMDAwMH0sInNjaGVtYV92ZXJzaW9uIjoiNiJ9",
          "dependencies": [
            "google_compute_network.elastic-network",
            "google_compute_subnetwork.elastic-subnet"
          ]
        }
      ]
    },
    {
      "mode": "managed",
      "type": "google_compute_instance",
      "name": "elastic-instance-3",
      "provider": "provider[\"registry.terraform.io/hashicorp/google\"]",
      "instances": [
        {
          "schema_version": 6,
          "attributes": {
            "allow_stopping_for_update": true,
            "attached_disk": [],
            "boot_disk": [
              {
                "auto_delete": true,
                "device_name": "persistent-disk-0",
                "disk_encryption_key_raw": "",
                "disk_encryption_key_sha256": "",
                "initialize_params": [
                  {
                    "image": "https://www.googleapis.com/compute/v1/projects/debian-cloud/global/images/debian-9-stretch-v20210316",
                    "labels": {},
                    "size": 100,
                    "type": "pd-ssd"
                  }
                ],
                "kms_key_self_link": "",
                "mode": "READ_WRITE",
                "source": "https://www.googleapis.com/compute/v1/projects/terraform-elasticsearch/zones/us-central1-b/disks/elastic-instance-3"
              }
            ],
            "can_ip_forward": false,
            "confidential_instance_config": [],
            "cpu_platform": "Intel Haswell",
            "current_status": "RUNNING",
            "deletion_protection": false,
            "description": "",
            "desired_status": null,
            "enable_display": false,
            "guest_accelerator": [],
            "hostname": "",
            "id": "projects/terraform-elasticsearch/zones/us-central1-b/instances/elastic-instance-3",
            "instance_id": "8295150927884672331",
            "label_fingerprint": "42WmSpB8rSM=",
            "labels": null,
            "machine_type": "n1-standard-2",
            "metadata": null,
            "metadata_fingerprint": "lnWL5RwHjrM=",
            "metadata_startup_script": "",
            "min_cpu_platform": "",
            "name": "elastic-instance-3",
            "network_interface": [
              {
                "access_config": [],
                "alias_ip_range": [],
                "name": "nic0",
                "network": "https://www.googleapis.com/compute/v1/projects/terraform-elasticsearch/global/networks/terraform-elasticsearch-elastic-vpc",
                "network_ip": "10.128.0.4",
                "nic_type": "",
                "subnetwork": "https://www.googleapis.com/compute/v1/projects/terraform-elasticsearch/regions/us-central1/subnetworks/elastic-subnet",
                "subnetwork_project": "terraform-elasticsearch"
              }
            ],
            "project": "terraform-elasticsearch",
            "resource_policies": null,
            "scheduling": [
              {
                "automatic_restart": true,
                "min_node_cpus": 0,
                "node_affinities": [],
                "on_host_maintenance": "MIGRATE",
                "preemptible": false
              }
            ],
            "scratch_disk": [],
            "self_link": "https://www.googleapis.com/compute/v1/projects/terraform-elasticsearch/zones/us-central1-b/instances/elastic-instance-3",
            "service_account": [
              {
                "email": "513836457432-compute@developer.gserviceaccount.com",
                "scopes": [
                  "https://www.googleapis.com/auth/cloud-platform",
                  "https://www.googleapis.com/auth/compute.readonly",
                  "https://www.googleapis.com/auth/devstorage.read_write",
                  "https://www.googleapis.com/auth/logging.write",
                  "https://www.googleapis.com/auth/monitoring.write",
                  "https://www.googleapis.com/auth/trace.append",
                  "https://www.googleapis.com/auth/userinfo.email"
                ]
              }
            ],
            "shielded_instance_config": [],
            "tags": [
              "total-news-elasticsearch"
            ],
            "tags_fingerprint": "5E4QuS2juWw=",
            "timeouts": null,
            "zone": "us-central1-b"
          },
          "sensitive_attributes": [],
          "private": "eyJlMmJmYjczMC1lY2FhLTExZTYtOGY4OC0zNDM2M2JjN2M0YzAiOnsiY3JlYXRlIjoxMjAwMDAwMDAwMDAwLCJkZWxldGUiOjEyMDAwMDAwMDAwMDAsInVwZGF0ZSI6MTIwMDAwMDAwMDAwMH0sInNjaGVtYV92ZXJzaW9uIjoiNiJ9",
          "dependencies": [
            "google_compute_network.elastic-network",
            "google_compute_subnetwork.elastic-subnet"
          ]
        }
      ]
    },
    {
      "mode": "managed",
      "type": "google_compute_instance_group",
      "name": "us-elastic-ig-zone-a",
      "provider": "provider[\"registry.terraform.io/hashicorp/google\"]",
      "instances": [
        {
          "schema_version": 2,
          "attributes": {
            "description": "",
            "id": "projects/terraform-elasticsearch/zones/us-central1-a/instanceGroups/us-elastic-ig-zone-a",
            "instances": [
              "https://www.googleapis.com/compute/v1/projects/terraform-elasticsearch/zones/us-central1-a/instances/elastic-instance-1",
              "https://www.googleapis.com/compute/v1/projects/terraform-elasticsearch/zones/us-central1-a/instances/elastic-instance-2"
            ],
            "name": "us-elastic-ig-zone-a",
            "named_port": [],
            "network": "https://www.googleapis.com/compute/v1/projects/terraform-elasticsearch/global/networks/terraform-elasticsearch-elastic-vpc",
            "project": "terraform-elasticsearch",
            "self_link": "https://www.googleapis.com/compute/v1/projects/terraform-elasticsearch/zones/us-central1-a/instanceGroups/us-elastic-ig-zone-a",
            "size": 2,
            "timeouts": null,
            "zone": "us-central1-a"
          },
          "sensitive_attributes": [],
          "private": "eyJlMmJmYjczMC1lY2FhLTExZTYtOGY4OC0zNDM2M2JjN2M0YzAiOnsiY3JlYXRlIjozNjAwMDAwMDAwMDAsImRlbGV0ZSI6MzYwMDAwMDAwMDAwLCJ1cGRhdGUiOjM2MDAwMDAwMDAwMH0sInNjaGVtYV92ZXJzaW9uIjoiMiJ9",
          "dependencies": [
            "google_compute_instance.elastic-instance-1",
            "google_compute_instance.elastic-instance-2",
            "google_compute_network.elastic-network",
            "google_compute_subnetwork.elastic-subnet"
          ]
        }
      ]
    },
    {
      "mode": "managed",
      "type": "google_compute_instance_group",
      "name": "us-elastic-ig-zone-b",
      "provider": "provider[\"registry.terraform.io/hashicorp/google\"]",
      "instances": [
        {
          "schema_version": 2,
          "attributes": {
            "description": "",
            "id": "projects/terraform-elasticsearch/zones/us-central1-b/instanceGroups/us-elastic-ig-zone-b",
            "instances": [
              "https://www.googleapis.com/compute/v1/projects/terraform-elasticsearch/zones/us-central1-b/instances/elastic-instance-3"
            ],
            "name": "us-elastic-ig-zone-b",
            "named_port": [],
            "network": "https://www.googleapis.com/compute/v1/projects/terraform-elasticsearch/global/networks/terraform-elasticsearch-elastic-vpc",
            "project": "terraform-elasticsearch",
            "self_link": "https://www.googleapis.com/compute/v1/projects/terraform-elasticsearch/zones/us-central1-b/instanceGroups/us-elastic-ig-zone-b",
            "size": 1,
            "timeouts": null,
            "zone": "us-central1-b"
          },
          "sensitive_attributes": [],
          "private": "eyJlMmJmYjczMC1lY2FhLTExZTYtOGY4OC0zNDM2M2JjN2M0YzAiOnsiY3JlYXRlIjozNjAwMDAwMDAwMDAsImRlbGV0ZSI6MzYwMDAwMDAwMDAwLCJ1cGRhdGUiOjM2MDAwMDAwMDAwMH0sInNjaGVtYV92ZXJzaW9uIjoiMiJ9",
          "dependencies": [
            "google_compute_instance.elastic-instance-3",
            "google_compute_network.elastic-network",
            "google_compute_subnetwork.elastic-subnet"
          ]
        }
      ]
    },
    {
      "mode": "managed",
      "type": "google_compute_network",
      "name": "elastic-network",
      "provider": "provider[\"registry.terraform.io/hashicorp/google\"]",
      "instances": [
        {
          "schema_version": 0,
          "attributes": {
            "auto_create_subnetworks": false,
            "delete_default_routes_on_create": false,
            "description": "",
            "gateway_ipv4": "",
            "id": "projects/terraform-elasticsearch/global/networks/terraform-elasticsearch-elastic-vpc",
            "mtu": 0,
            "name": "terraform-elasticsearch-elastic-vpc",
            "project": "terraform-elasticsearch",
            "routing_mode": "REGIONAL",
            "self_link": "https://www.googleapis.com/compute/v1/projects/terraform-elasticsearch/global/networks/terraform-elasticsearch-elastic-vpc",
            "timeouts": null
          },
          "sensitive_attributes": [],
          "private": "eyJlMmJmYjczMC1lY2FhLTExZTYtOGY4OC0zNDM2M2JjN2M0YzAiOnsiY3JlYXRlIjoyNDAwMDAwMDAwMDAsImRlbGV0ZSI6MjQwMDAwMDAwMDAwLCJ1cGRhdGUiOjI0MDAwMDAwMDAwMH19"
        }
      ]
    },
    {
      "mode": "managed",
      "type": "google_compute_region_backend_service",
      "name": "elastic-internal-lb-i",
      "provider": "provider[\"registry.terraform.io/hashicorp/google\"]",
      "instances": [
        {
          "schema_version": 1,
          "attributes": {
            "affinity_cookie_ttl_sec": 0,
            "backend": [
              {
                "balancing_mode": "CONNECTION",
                "capacity_scaler": 0,
                "description": "",
                "failover": false,
                "group": "https://www.googleapis.com/compute/v1/projects/terraform-elasticsearch/zones/us-central1-a/instanceGroups/us-elastic-ig-zone-a",
                "max_connections": 0,
                "max_connections_per_endpoint": 0,
                "max_connections_per_instance": 0,
                "max_rate": 0,
                "max_rate_per_endpoint": 0,
                "max_rate_per_instance": 0,
                "max_utilization": 0
              },
              {
                "balancing_mode": "CONNECTION",
                "capacity_scaler": 0,
                "description": "",
                "failover": false,
                "group": "https://www.googleapis.com/compute/v1/projects/terraform-elasticsearch/zones/us-central1-b/instanceGroups/us-elastic-ig-zone-b",
                "max_connections": 0,
                "max_connections_per_endpoint": 0,
                "max_connections_per_instance": 0,
                "max_rate": 0,
                "max_rate_per_endpoint": 0,
                "max_rate_per_instance": 0,
                "max_utilization": 0
              }
            ],
            "cdn_policy": [],
            "circuit_breakers": [],
            "connection_draining_timeout_sec": 0,
            "consistent_hash": [],
            "creation_timestamp": "2021-04-18T18:58:22.019-07:00",
            "description": "",
            "enable_cdn": false,
            "failover_policy": [],
            "fingerprint": "TYQO-TCXLnQ=",
            "health_checks": [
              "https://www.googleapis.com/compute/v1/projects/terraform-elasticsearch/global/healthChecks/tcp-health-check"
            ],
            "id": "projects/terraform-elasticsearch/regions/us-central1/backendServices/elastic-internal-lb-i",
            "load_balancing_scheme": "INTERNAL",
            "locality_lb_policy": "",
            "log_config": [],
            "name": "elastic-internal-lb-i",
            "network": "",
            "outlier_detection": [],
            "port_name": "",
            "project": "terraform-elasticsearch",
            "protocol": "TCP",
            "region": "us-central1",
            "self_link": "https://www.googleapis.com/compute/v1/projects/terraform-elasticsearch/regions/us-central1/backendServices/elastic-internal-lb-i",
            "session_affinity": "NONE",
            "timeout_sec": 30,
            "timeouts": null
          },
          "sensitive_attributes": [],
          "private": "eyJlMmJmYjczMC1lY2FhLTExZTYtOGY4OC0zNDM2M2JjN2M0YzAiOnsiY3JlYXRlIjoyNDAwMDAwMDAwMDAsImRlbGV0ZSI6MjQwMDAwMDAwMDAwLCJ1cGRhdGUiOjI0MDAwMDAwMDAwMH0sInNjaGVtYV92ZXJzaW9uIjoiMSJ9",
          "dependencies": [
            "google_compute_health_check.tcp-health-check",
            "google_compute_instance.elastic-instance-1",
            "google_compute_instance.elastic-instance-2",
            "google_compute_instance.elastic-instance-3",
            "google_compute_instance_group.us-elastic-ig-zone-a",
            "google_compute_instance_group.us-elastic-ig-zone-b",
            "google_compute_network.elastic-network",
            "google_compute_subnetwork.elastic-subnet"
          ]
        }
      ]
    },
    {
      "mode": "managed",
      "type": "google_compute_subnetwork",
      "name": "elastic-subnet",
      "provider": "provider[\"registry.terraform.io/hashicorp/google\"]",
      "instances": [
        {
          "schema_version": 0,
          "attributes": {
            "creation_timestamp": "2021-04-18T18:57:34.411-07:00",
            "description": "",
            "fingerprint": null,
            "gateway_address": "10.128.0.1",
            "id": "projects/terraform-elasticsearch/regions/us-central1/subnetworks/elastic-subnet",
            "ip_cidr_range": "10.128.0.0/20",
            "log_config": [
              {
                "aggregation_interval": "INTERVAL_10_MIN",
                "filter_expr": "true",
                "flow_sampling": 0.5,
                "metadata": "INCLUDE_ALL_METADATA",
                "metadata_fields": null
              }
            ],
            "name": "elastic-subnet",
            "network": "https://www.googleapis.com/compute/v1/projects/terraform-elasticsearch/global/networks/terraform-elasticsearch-elastic-vpc",
            "private_ip_google_access": true,
            "private_ipv6_google_access": "DISABLE_GOOGLE_ACCESS",
            "project": "terraform-elasticsearch",
            "region": "us-central1",
            "secondary_ip_range": [],
            "self_link": "https://www.googleapis.com/compute/v1/projects/terraform-elasticsearch/regions/us-central1/subnetworks/elastic-subnet",
            "timeouts": null
          },
          "sensitive_attributes": [],
          "private": "eyJlMmJmYjczMC1lY2FhLTExZTYtOGY4OC0zNDM2M2JjN2M0YzAiOnsiY3JlYXRlIjozNjAwMDAwMDAwMDAsImRlbGV0ZSI6MzYwMDAwMDAwMDAwLCJ1cGRhdGUiOjM2MDAwMDAwMDAwMH19",
          "dependencies": [
            "google_compute_network.elastic-network"
          ]
        }
      ]
    },
    {
      "mode": "managed",
      "type": "google_vpc_access_connector",
      "name": "elastic-connector",
      "provider": "provider[\"registry.terraform.io/hashicorp/google-beta\"]",
      "instances": [
        {
          "schema_version": 0,
          "attributes": {
            "id": "projects/terraform-elasticsearch/locations/us-central1/connectors/vpc-elastic-connector",
            "ip_cidr_range": "10.8.0.0/28",
            "machine_type": "e2-micro",
            "max_instances": 8,
            "max_throughput": 800,
            "min_instances": 2,
            "min_throughput": 200,
            "name": "vpc-elastic-connector",
            "network": "terraform-elasticsearch-elastic-vpc",
            "project": "terraform-elasticsearch",
            "region": "us-central1",
            "self_link": "projects/terraform-elasticsearch/locations/us-central1/connectors/vpc-elastic-connector",
            "state": "READY",
            "subnet": [],
            "timeouts": null
          },
          "sensitive_attributes": [],
          "private": "eyJlMmJmYjczMC1lY2FhLTExZTYtOGY4OC0zNDM2M2JjN2M0YzAiOnsiY3JlYXRlIjozNjAwMDAwMDAwMDAsImRlbGV0ZSI6NjAwMDAwMDAwMDAwfX0="
        }
      ]
    }
  ]
}
