{
  "version": 4,
  "terraform_version": "0.14.9",
  "serial": 156,
  "lineage": "d5598f30-f197-5704-c7bc-233cdde93dc6",
  "outputs": {},
  "resources": [
    {
      "mode": "managed",
      "type": "google_compute_firewall",
      "name": "ssh-rule",
      "provider": "provider[\"registry.terraform.io/hashicorp/google\"]",
      "instances": [
        {
          "schema_version": 1,
          "attributes": {
            "allow": [
              {
                "ports": [
                  "22"
                ],
                "protocol": "tcp"
              }
            ],
            "creation_timestamp": "2021-04-27T17:31:21.093-07:00",
            "deny": [],
            "description": "",
            "destination_ranges": [],
            "direction": "INGRESS",
            "disabled": false,
            "enable_logging": null,
            "id": "projects/terraform-elasticsearch-docker/global/firewalls/allow-ssh",
            "log_config": [],
            "name": "allow-ssh",
            "network": "https://www.googleapis.com/compute/v1/projects/terraform-elasticsearch-docker/global/networks/terraform-elasticsearch-docker-elastic-vpc",
            "priority": 1000,
            "project": "terraform-elasticsearch-docker",
            "self_link": "https://www.googleapis.com/compute/v1/projects/terraform-elasticsearch-docker/global/firewalls/allow-ssh",
            "source_ranges": [
              "174.16.200.128",
              "198.11.30.78"
            ],
            "source_service_accounts": [],
            "source_tags": [],
            "target_service_accounts": [],
            "target_tags": [
              "total-news-elasticsearch"
            ],
            "timeouts": null
          },
          "sensitive_attributes": [],
          "private": "eyJlMmJmYjczMC1lY2FhLTExZTYtOGY4OC0zNDM2M2JjN2M0YzAiOnsiY3JlYXRlIjoyNDAwMDAwMDAwMDAsImRlbGV0ZSI6MjQwMDAwMDAwMDAwLCJ1cGRhdGUiOjI0MDAwMDAwMDAwMH0sInNjaGVtYV92ZXJzaW9uIjoiMSJ9",
          "dependencies": [
            "google_compute_network.elastic-network"
          ]
        }
      ]
    },
    {
      "mode": "managed",
      "type": "google_compute_firewall",
      "name": "team-rule",
      "provider": "provider[\"registry.terraform.io/hashicorp/google\"]",
      "instances": [
        {
          "schema_version": 1,
          "attributes": {
            "allow": [
              {
                "ports": [
                  "9000",
                  "5601",
                  "80",
                  "9200",
                  "443",
                  "9300",
                  "3000"
                ],
                "protocol": "tcp"
              }
            ],
            "creation_timestamp": "2021-04-27T17:31:21.092-07:00",
            "deny": [],
            "description": "",
            "destination_ranges": [],
            "direction": "INGRESS",
            "disabled": false,
            "enable_logging": null,
            "id": "projects/terraform-elasticsearch-docker/global/firewalls/allow-team-rule",
            "log_config": [],
            "name": "allow-team-rule",
            "network": "https://www.googleapis.com/compute/v1/projects/terraform-elasticsearch-docker/global/networks/terraform-elasticsearch-docker-elastic-vpc",
            "priority": 1000,
            "project": "terraform-elasticsearch-docker",
            "self_link": "https://www.googleapis.com/compute/v1/projects/terraform-elasticsearch-docker/global/firewalls/allow-team-rule",
            "source_ranges": [
              "0.0.0.0/0"
            ],
            "source_service_accounts": [],
            "source_tags": [],
            "target_service_accounts": [],
            "target_tags": [
              "total-news-elasticsearch"
            ],
            "timeouts": null
          },
          "sensitive_attributes": [],
          "private": "eyJlMmJmYjczMC1lY2FhLTExZTYtOGY4OC0zNDM2M2JjN2M0YzAiOnsiY3JlYXRlIjoyNDAwMDAwMDAwMDAsImRlbGV0ZSI6MjQwMDAwMDAwMDAwLCJ1cGRhdGUiOjI0MDAwMDAwMDAwMH0sInNjaGVtYV92ZXJzaW9uIjoiMSJ9",
          "dependencies": [
            "google_compute_network.elastic-network"
          ]
        }
      ]
    },
    {
      "mode": "managed",
      "type": "google_compute_instance",
      "name": "elastic-instance-1",
      "provider": "provider[\"registry.terraform.io/hashicorp/google\"]",
      "instances": [
        {
          "status": "tainted",
          "schema_version": 6,
          "attributes": {
            "allow_stopping_for_update": true,
            "attached_disk": [],
            "boot_disk": [
              {
                "auto_delete": true,
                "device_name": "persistent-disk-0",
                "disk_encryption_key_raw": "",
                "disk_encryption_key_sha256": "",
                "initialize_params": [
                  {
                    "image": "https://www.googleapis.com/compute/v1/projects/debian-cloud/global/images/debian-10-buster-v20210420",
                    "labels": {},
                    "size": 130,
                    "type": "pd-ssd"
                  }
                ],
                "kms_key_self_link": "",
                "mode": "READ_WRITE",
                "source": "https://www.googleapis.com/compute/v1/projects/terraform-elasticsearch-docker/zones/us-central1-a/disks/elastic-instance-1"
              }
            ],
            "can_ip_forward": false,
            "confidential_instance_config": [],
            "cpu_platform": "Intel Haswell",
            "current_status": "RUNNING",
            "deletion_protection": false,
            "description": "",
            "desired_status": null,
            "enable_display": false,
            "guest_accelerator": [],
            "hostname": "",
            "id": "projects/terraform-elasticsearch-docker/zones/us-central1-a/instances/elastic-instance-1",
            "instance_id": "3922640947986660828",
            "label_fingerprint": "42WmSpB8rSM=",
            "labels": null,
            "machine_type": "n1-standard-2",
            "metadata": {
              "ssh-keys": "tile9389:ssh-rsa AAAAB3NzaC1yc2EAAAADAQABAAABgQDDLC1FVSKleX9y/qNaM7Jleyuesn0IwHpaHQrM7Z08E703TvkkhCcByrIglYgDGTTfSiasYGsdcuGY3VfoKIrI/4/p6Uy/q3BlFcJv25JJdpcS6JIO+C0/foBHDhj/VOADTQxppeyt8jOOy4u9REiGaJS47rRVaNcmh1uncKH3r7DO+okL9flrE7gjO/jveOC5rITfWBcbgzuHIGp0SaeiuaGtqs/zEKU18cUAQh4BqXGeUf7rBAgu1anW7O2HkKnVYY7QxhDip/wpGzPwPtE66UfqffwHAE1M5H5ibbRPZGTvp9NpZhCT1T+nShSCbmYJNMpHW6mbPsnGoKEiff5dGMb40kB10TEPG4gGL/dSD9DW+ewZsn7z1CEd/pZ524uE/gjePVh7EfJbGZrWeayP519gp4r2tqh3JiD8XhS0oa6UCrxjVGTyrAs+aNUJ3gCltM1loTxVsoLzgJ7vMs2/mih7PyZ9RaN5nZQrajFSi1i0Zr7eYS/pF+91L/zuY4U= timothylenahan@cu-genvpn-tcom-10.180.152.57.int.colorado.edu\n"
            },
            "metadata_fingerprint": "-mQ7oh_XNuY=",
            "metadata_startup_script": "",
            "min_cpu_platform": "",
            "name": "elastic-instance-1",
            "network_interface": [
              {
                "access_config": [
                  {
                    "nat_ip": "35.222.135.138",
                    "network_tier": "PREMIUM",
                    "public_ptr_domain_name": ""
                  }
                ],
                "alias_ip_range": [],
                "name": "nic0",
                "network": "https://www.googleapis.com/compute/v1/projects/terraform-elasticsearch-docker/global/networks/default",
                "network_ip": "10.128.0.5",
                "nic_type": "",
                "subnetwork": "https://www.googleapis.com/compute/v1/projects/terraform-elasticsearch-docker/regions/us-central1/subnetworks/default",
                "subnetwork_project": "terraform-elasticsearch-docker"
              }
            ],
            "project": "terraform-elasticsearch-docker",
            "resource_policies": null,
            "scheduling": [
              {
                "automatic_restart": true,
                "min_node_cpus": 0,
                "node_affinities": [],
                "on_host_maintenance": "MIGRATE",
                "preemptible": false
              }
            ],
            "scratch_disk": [],
            "self_link": "https://www.googleapis.com/compute/v1/projects/terraform-elasticsearch-docker/zones/us-central1-a/instances/elastic-instance-1",
            "service_account": [
              {
                "email": "679590280188-compute@developer.gserviceaccount.com",
                "scopes": [
                  "https://www.googleapis.com/auth/cloud-platform",
                  "https://www.googleapis.com/auth/compute.readonly",
                  "https://www.googleapis.com/auth/devstorage.read_write",
                  "https://www.googleapis.com/auth/logging.write",
                  "https://www.googleapis.com/auth/monitoring.write",
                  "https://www.googleapis.com/auth/trace.append",
                  "https://www.googleapis.com/auth/userinfo.email"
                ]
              }
            ],
            "shielded_instance_config": [
              {
                "enable_integrity_monitoring": true,
                "enable_secure_boot": false,
                "enable_vtpm": true
              }
            ],
            "tags": [
              "http-server",
              "https-server",
              "total-news-elasticsearch"
            ],
            "tags_fingerprint": "4HExieExoH0=",
            "timeouts": null,
            "zone": "us-central1-a"
          },
          "sensitive_attributes": [],
          "private": "eyJlMmJmYjczMC1lY2FhLTExZTYtOGY4OC0zNDM2M2JjN2M0YzAiOnsiY3JlYXRlIjoxMjAwMDAwMDAwMDAwLCJkZWxldGUiOjEyMDAwMDAwMDAwMDAsInVwZGF0ZSI6MTIwMDAwMDAwMDAwMH0sInNjaGVtYV92ZXJzaW9uIjoiNiJ9"
        }
      ]
    },
    {
      "mode": "managed",
      "type": "google_compute_network",
      "name": "elastic-network",
      "provider": "provider[\"registry.terraform.io/hashicorp/google\"]",
      "instances": [
        {
          "schema_version": 0,
          "attributes": {
            "auto_create_subnetworks": true,
            "delete_default_routes_on_create": false,
            "description": "",
            "gateway_ipv4": "",
            "id": "projects/terraform-elasticsearch-docker/global/networks/terraform-elasticsearch-docker-elastic-vpc",
            "mtu": 0,
            "name": "terraform-elasticsearch-docker-elastic-vpc",
            "project": "terraform-elasticsearch-docker",
            "routing_mode": "REGIONAL",
            "self_link": "https://www.googleapis.com/compute/v1/projects/terraform-elasticsearch-docker/global/networks/terraform-elasticsearch-docker-elastic-vpc",
            "timeouts": null
          },
          "sensitive_attributes": [],
          "private": "eyJlMmJmYjczMC1lY2FhLTExZTYtOGY4OC0zNDM2M2JjN2M0YzAiOnsiY3JlYXRlIjoyNDAwMDAwMDAwMDAsImRlbGV0ZSI6MjQwMDAwMDAwMDAwLCJ1cGRhdGUiOjI0MDAwMDAwMDAwMH19"
        }
      ]
    }
  ]
}
